
Microsoft Visual Studio Solution File, Format Version 12.00
# Visual Studio Version 17
VisualStudioVersion = 17.9.34723.18
MinimumVisualStudioVersion = 10.0.40219.1
Project("{FAE04EC0-301F-11D3-BF4B-00C04F79EFBC}") = "Lab9", "Lab9\Lab9.csproj", "{DFF4BF68-7080-4CB4-A3BA-4F277CD6EC04}"
EndProject
Global
	GlobalSection(SolutionConfigurationPlatforms) = preSolution
		Debug|ARM = Debug|ARM
		Debug|ARM64 = Debug|ARM64
		Debug|x64 = Debug|x64
		Debug|x86 = Debug|x86
		Release|ARM = Release|ARM
		Release|ARM64 = Release|ARM64
		Release|x64 = Release|x64
		Release|x86 = Release|x86
	EndGlobalSection
	GlobalSection(ProjectConfigurationPlatforms) = postSolution
		{DFF4BF68-7080-4CB4-A3BA-4F277CD6EC04}.Debug|ARM.ActiveCfg = Debug|ARM
		{DFF4BF68-7080-4CB4-A3BA-4F277CD6EC04}.Debug|ARM.Build.0 = Debug|ARM
		{DFF4BF68-7080-4CB4-A3BA-4F277CD6EC04}.Debug|ARM.Deploy.0 = Debug|ARM
		{DFF4BF68-7080-4CB4-A3BA-4F277CD6EC04}.Debug|ARM64.ActiveCfg = Debug|ARM64
		{DFF4BF68-7080-4CB4-A3BA-4F277CD6EC04}.Debug|ARM64.Build.0 = Debug|ARM64
		{DFF4BF68-7080-4CB4-A3BA-4F277CD6EC04}.Debug|ARM64.Deploy.0 = Debug|ARM64
		{DFF4BF68-7080-4CB4-A3BA-4F277CD6EC04}.Debug|x64.ActiveCfg = Debug|x64
		{DFF4BF68-7080-4CB4-A3BA-4F277CD6EC04}.Debug|x64.Build.0 = Debug|x64
		{DFF4BF68-7080-4CB4-A3BA-4F277CD6EC04}.Debug|x64.Deploy.0 = Debug|x64
		{DFF4BF68-7080-4CB4-A3BA-4F277CD6EC04}.Debug|x86.ActiveCfg = Debug|x86
		{DFF4BF68-7080-4CB4-A3BA-4F277CD6EC04}.Debug|x86.Build.0 = Debug|x86
		{DFF4BF68-7080-4CB4-A3BA-4F277CD6EC04}.Debug|x86.Deploy.0 = Debug|x86
		{DFF4BF68-7080-4CB4-A3BA-4F277CD6EC04}.Release|ARM.ActiveCfg = Release|ARM
		{DFF4BF68-7080-4CB4-A3BA-4F277CD6EC04}.Release|ARM.Build.0 = Release|ARM
		{DFF4BF68-7080-4CB4-A3BA-4F277CD6EC04}.Release|ARM.Deploy.0 = Release|ARM
		{DFF4BF68-7080-4CB4-A3BA-4F277CD6EC04}.Release|ARM64.ActiveCfg = Release|ARM64
		{DFF4BF68-7080-4CB4-A3BA-4F277CD6EC04}.Release|ARM64.Build.0 = Release|ARM64
		{DFF4BF68-7080-4CB4-A3BA-4F277CD6EC04}.Release|ARM64.Deploy.0 = Release|ARM64
		{DFF4BF68-7080-4CB4-A3BA-4F277CD6EC04}.Release|x64.ActiveCfg = Release|x64
		{DFF4BF68-7080-4CB4-A3BA-4F277CD6EC04}.Release|x64.Build.0 = Release|x64
		{DFF4BF68-7080-4CB4-A3BA-4F277CD6EC04}.Release|x64.Deploy.0 = Release|x64
		{DFF4BF68-7080-4CB4-A3BA-4F277CD6EC04}.Release|x86.ActiveCfg = Release|x86
		{DFF4BF68-7080-4CB4-A3BA-4F277CD6EC04}.Release|x86.Build.0 = Release|x86
		{DFF4BF68-7080-4CB4-A3BA-4F277CD6EC04}.Release|x86.Deploy.0 = Release|x86
	EndGlobalSection
	GlobalSection(SolutionProperties) = preSolution
		HideSolutionNode = FALSE
	EndGlobalSection
	GlobalSection(ExtensibilityGlobals) = postSolution
		SolutionGuid = {12DD4197-A4AB-4DBA-A12D-70DD09FC223F}
	EndGlobalSection
EndGlobal
